
Microsoft Visual Studio Solution File, Format Version 12.00
# Visual Studio Version 16
VisualStudioVersion = 16.0.30413.136
MinimumVisualStudioVersion = 10.0.40219.1
Project("{FAE04EC0-301F-11D3-BF4B-00C04F79EFBC}") = "QuizOMARNOVA", "QuizOMARNOVA.csproj", "{26864E6D-7D23-4C34-8290-CA37D1625661}"
EndProject
Global
	GlobalSection(SolutionConfigurationPlatforms) = preSolution
		Debug|Any CPU = Debug|Any CPU
		Release|Any CPU = Release|Any CPU
	EndGlobalSection
	GlobalSection(ProjectConfigurationPlatforms) = postSolution
		{26864E6D-7D23-4C34-8290-CA37D1625661}.Debug|Any CPU.ActiveCfg = Debug|Any CPU
		{26864E6D-7D23-4C34-8290-CA37D1625661}.Debug|Any CPU.Build.0 = Debug|Any CPU
		{26864E6D-7D23-4C34-8290-CA37D1625661}.Release|Any CPU.ActiveCfg = Release|Any CPU
		{26864E6D-7D23-4C34-8290-CA37D1625661}.Release|Any CPU.Build.0 = Release|Any CPU
	EndGlobalSection
	GlobalSection(SolutionProperties) = preSolution
		HideSolutionNode = FALSE
	EndGlobalSection
	GlobalSection(ExtensibilityGlobals) = postSolution
		SolutionGuid = {DD7FDCB6-9EE5-489E-9051-15A139A57C57}
	EndGlobalSection
EndGlobal
